# completely tested upstream versions (v0.9 — latest channels)
# bd: gastownhall/beads (release binary | npm @beads/bd) · gsd: @opengsd/gsd-core · claude-mem: thedotmack
# ralph is NOT pinned: completely implements the loop in run.sh (overlay), not a plugin dep.
bd=1.0.5
gsd=1.3.1
claude-mem=13.4.0
# rtk: OPTIONAL token-economy input-lever (claude-plugins-official). Tested against 0.1.0.
# Affects ONLY `cmpl bench --rtk on` (gate cmds excluded from rtk by construction);
# drift quarantines that arm — never the harness's gates.
rtk=0.1.0
